
Microsoft Visual Studio Solution File, Format Version 12.00
# Visual Studio Version 17
VisualStudioVersion = 17.7.34031.279
MinimumVisualStudioVersion = 10.0.40219.1
Project("{FAE04EC0-301F-11D3-BF4B-00C04F79EFBC}") = "PryEjercicio1", "PryEjercicio1\PryEjercicio1.csproj", "{B7E44ABD-7EB9-48D8-9C8B-6A489458315D}"
EndProject
Global
	GlobalSection(SolutionConfigurationPlatforms) = preSolution
		Debug|Any CPU = Debug|Any CPU
		Release|Any CPU = Release|Any CPU
	EndGlobalSection
	GlobalSection(ProjectConfigurationPlatforms) = postSolution
		{B7E44ABD-7EB9-48D8-9C8B-6A489458315D}.Debug|Any CPU.ActiveCfg = Debug|Any CPU
		{B7E44ABD-7EB9-48D8-9C8B-6A489458315D}.Debug|Any CPU.Build.0 = Debug|Any CPU
		{B7E44ABD-7EB9-48D8-9C8B-6A489458315D}.Release|Any CPU.ActiveCfg = Release|Any CPU
		{B7E44ABD-7EB9-48D8-9C8B-6A489458315D}.Release|Any CPU.Build.0 = Release|Any CPU
	EndGlobalSection
	GlobalSection(SolutionProperties) = preSolution
		HideSolutionNode = FALSE
	EndGlobalSection
	GlobalSection(ExtensibilityGlobals) = postSolution
		SolutionGuid = {4A345804-6BAA-42D1-8BCC-DAA2D588A7EC}
	EndGlobalSection
EndGlobal
